{
  "name": "codogo-template-site",
  "version": "2.1.1",
  "lockfileVersion": 1,
  "requires": true,
  "dependencies": {
    "codogo-default-scss": {
      "version": "0.3.5",
      "resolved": "https://registry.npmjs.org/codogo-default-scss/-/codogo-default-scss-0.3.5.tgz",
      "integrity": "sha512-RrFOdKdDOzQs60Y+Xi4nlAmqTcvbPbEMGBAzgt+6ZZG7C6qfM1/QfEAxu1f5wZY5dTVpFzW2kB47OblcMeZ/ug=="
    },
    "dotenv": {
      "version": "10.0.0",
      "resolved": "https://registry.npmjs.org/dotenv/-/dotenv-10.0.0.tgz",
      "integrity": "sha512-rlBi9d8jpv9Sf1klPjNfFAuWDjKLwTIJJ/VxtoTwIR6hnZxcEOQCZg2oIL3MWBYw5GpUDKOEnND7LXTbIpQ03Q=="
    }
  }
}
